PODS:
  - Alamofire (4.7.1)
  - FanMenu (0.7.1):
    - Macaw
  - KZSLAB-AR-Indicator (1.0.2)
  - KZSLAB-AR-View (1.0.3):
    - KZSLAB-AR-Indicator (= 1.0.2)
    - SnapKit (~> 4.0.0)
  - Macaw (0.9.1):
    - SWXMLHash
  - Moya (11.0.2):
    - Moya/Core (= 11.0.2)
  - Moya/Core (11.0.2):
    - Alamofire (~> 4.1)
    - Result (~> 3.0)
  - Result (3.2.4)
  - SnapKit (4.0.0)
  - SWXMLHash (4.6.0)

DEPENDENCIES:
  - FanMenu
  - KZSLAB-AR-View
  - Moya (~> 11.0)

SPEC REPOS:
  "git@gitlab.com:KZSLAB/Specs.git":
    - KZSLAB-AR-Indicator
    - KZSLAB-AR-View
  https://github.com/CocoaPods/Specs.git:
    - Alamofire
    - FanMenu
    - Macaw
    - Moya
    - Result
    - SnapKit
    - SWXMLHash

SPEC CHECKSUMS:
  Alamofire: 68d7d521118d49c615a8d2214d87cdf525599d30
  FanMenu: 193b20007df3bbc01d263c08f82caaaa324da09d
  KZSLAB-AR-Indicator: 2fc6d7ecbf5ca4bb2d0bbd49cb9d1704cf42e89a
  KZSLAB-AR-View: 9bd3b429f9d25eef3e4e9afdc50d7173bf3bde77
  Macaw: 8b13bb7ae2f527b3c7b2787988bbc5461a1c66e3
  Moya: a725035953bc1c0eb1be505ab903984501d82440
  Result: d2d07204ce72856f1fd9130bbe42c35a7b0fea10
  SnapKit: a42d492c16e80209130a3379f73596c3454b7694
  SWXMLHash: 3c39a53723202800e9e1a87f14b2fe7ac1da98ec

PODFILE CHECKSUM: 1e929bb7a1852d4e1f100911819444e3838b0556

COCOAPODS: 1.5.0
