// !$*UTF8*$!
{
	archiveVersion = 1;
	classes = {
	};
	objectVersion = 50;
	objects = {

/* Begin PBXBuildFile section */
		7155D4D120B89C8E008DEFEF /* LeboncoinModel.swift in Sources */ = {isa = PBXBuildFile; fileRef = 7155D4D020B89C8E008DEFEF /* LeboncoinModel.swift */; };
		7186C07020B8333B00DC60E3 /* AppDelegate.swift in Sources */ = {isa = PBXBuildFile; fileRef = 7186C06F20B8333B00DC60E3 /* AppDelegate.swift */; };
		7186C07220B8333B00DC60E3 /* art.scnassets in Resources */ = {isa = PBXBuildFile; fileRef = 7186C07120B8333B00DC60E3 /* art.scnassets */; };
		7186C07720B8333B00DC60E3 /* Main.storyboard in Resources */ = {isa = PBXBuildFile; fileRef = 7186C07520B8333B00DC60E3 /* Main.storyboard */; };
		7186C07920B8333C00DC60E3 /* Assets.xcassets in Resources */ = {isa = PBXBuildFile; fileRef = 7186C07820B8333C00DC60E3 /* Assets.xcassets */; };
		7186C07C20B8333C00DC60E3 /* LaunchScreen.storyboard in Resources */ = {isa = PBXBuildFile; fileRef = 7186C07A20B8333C00DC60E3 /* LaunchScreen.storyboard */; };
		7199580B20B868490036C53F /* LBCService.swift in Sources */ = {isa = PBXBuildFile; fileRef = 7199580A20B868490036C53F /* LBCService.swift */; };
		7199580D20B8845F0036C53F /* ProductTableViewCell.swift in Sources */ = {isa = PBXBuildFile; fileRef = 7199580C20B8845F0036C53F /* ProductTableViewCell.swift */; };
		7199581D20B892C80036C53F /* LeboncoinData.swift in Sources */ = {isa = PBXBuildFile; fileRef = 7199581C20B892C80036C53F /* LeboncoinData.swift */; };
		7374EFED20B83A3300E28BE8 /* Podfile in Resources */ = {isa = PBXBuildFile; fileRef = 7374EFEC20B83A3300E28BE8 /* Podfile */; };
		7374EFF320B8458C00E28BE8 /* ProductsViewController.swift in Sources */ = {isa = PBXBuildFile; fileRef = 7374EFF220B8458C00E28BE8 /* ProductsViewController.swift */; };
		7374EFF620B8621600E28BE8 /* ModalViewController.swift in Sources */ = {isa = PBXBuildFile; fileRef = 7374EFF520B8621600E28BE8 /* ModalViewController.swift */; };
		7374EFF820B8622C00E28BE8 /* ModalPresentationController.swift in Sources */ = {isa = PBXBuildFile; fileRef = 7374EFF720B8622C00E28BE8 /* ModalPresentationController.swift */; };
		7374EFFA20B8623700E28BE8 /* ModalTransitionDelegate.swift in Sources */ = {isa = PBXBuildFile; fileRef = 7374EFF920B8623700E28BE8 /* ModalTransitionDelegate.swift */; };
		7374EFFC20B8624300E28BE8 /* ModalInteractiveTransition.swift in Sources */ = {isa = PBXBuildFile; fileRef = 7374EFFB20B8624300E28BE8 /* ModalInteractiveTransition.swift */; };
		7374EFFE20B8625100E28BE8 /* ModalTransitionAnimator.swift in Sources */ = {isa = PBXBuildFile; fileRef = 7374EFFD20B8625100E28BE8 /* ModalTransitionAnimator.swift */; };
		7374F00020B8634B00E28BE8 /* Stylesheet.swift in Sources */ = {isa = PBXBuildFile; fileRef = 7374EFFF20B8634B00E28BE8 /* Stylesheet.swift */; };
		7374F00420B8639C00E28BE8 /* CGPointExtension.swift in Sources */ = {isa = PBXBuildFile; fileRef = 7374F00320B8639C00E28BE8 /* CGPointExtension.swift */; };
		7374F00620B863D300E28BE8 /* UIColorExtension.swift in Sources */ = {isa = PBXBuildFile; fileRef = 7374F00520B863D300E28BE8 /* UIColorExtension.swift */; };
		7374F00820B863EA00E28BE8 /* BoolExtension.swift in Sources */ = {isa = PBXBuildFile; fileRef = 7374F00720B863EA00E28BE8 /* BoolExtension.swift */; };
		7374F00A20B8641E00E28BE8 /* MainViewController.swift in Sources */ = {isa = PBXBuildFile; fileRef = 7374F00920B8641E00E28BE8 /* MainViewController.swift */; };
		7374F00D20B866D400E28BE8 /* Menu.swift in Sources */ = {isa = PBXBuildFile; fileRef = 7374F00C20B866D400E28BE8 /* Menu.swift */; };
		7374F01020B8671200E28BE8 /* StatusViewController.swift in Sources */ = {isa = PBXBuildFile; fileRef = 7374F00F20B8671200E28BE8 /* StatusViewController.swift */; };
		7374F01320B867E100E28BE8 /* Navigatable.swift in Sources */ = {isa = PBXBuildFile; fileRef = 7374F01220B867E100E28BE8 /* Navigatable.swift */; };
		7374F01620B8683100E28BE8 /* CatalogViewController.swift in Sources */ = {isa = PBXBuildFile; fileRef = 7374F01520B8683100E28BE8 /* CatalogViewController.swift */; };
		7374F01820B86D4100E28BE8 /* Product.swift in Sources */ = {isa = PBXBuildFile; fileRef = 7374F01720B86D4100E28BE8 /* Product.swift */; };
		7374F01A20B871C500E28BE8 /* CatalogViewController+UICollectionView.swift in Sources */ = {isa = PBXBuildFile; fileRef = 7374F01920B871C500E28BE8 /* CatalogViewController+UICollectionView.swift */; };
		7374F01D20B871E200E28BE8 /* CatalogCollectionViewCell.swift in Sources */ = {isa = PBXBuildFile; fileRef = 7374F01C20B871E200E28BE8 /* CatalogCollectionViewCell.swift */; };
		7374F01F20B8720C00E28BE8 /* CatalogCollectionViewCell.xib in Resources */ = {isa = PBXBuildFile; fileRef = 7374F01E20B8720C00E28BE8 /* CatalogCollectionViewCell.xib */; };
		7374F02620B8728300E28BE8 /* EdgeInsetLabel.swift in Sources */ = {isa = PBXBuildFile; fileRef = 7374F02120B8728300E28BE8 /* EdgeInsetLabel.swift */; };
		7374F02720B8728300E28BE8 /* LineView.swift in Sources */ = {isa = PBXBuildFile; fileRef = 7374F02220B8728300E28BE8 /* LineView.swift */; };
		7374F02820B8728300E28BE8 /* Bindable.swift in Sources */ = {isa = PBXBuildFile; fileRef = 7374F02420B8728300E28BE8 /* Bindable.swift */; };
		7374F02920B8728300E28BE8 /* ReusableView.swift in Sources */ = {isa = PBXBuildFile; fileRef = 7374F02520B8728300E28BE8 /* ReusableView.swift */; };
		7374F02B20B8735D00E28BE8 /* SearchBarExtension.swift in Sources */ = {isa = PBXBuildFile; fileRef = 7374F02A20B8735D00E28BE8 /* SearchBarExtension.swift */; };
		7374F02D20B873CD00E28BE8 /* MainViewController+ModalPresentationDelegate.swift in Sources */ = {isa = PBXBuildFile; fileRef = 7374F02C20B873CD00E28BE8 /* MainViewController+ModalPresentationDelegate.swift */; };
		7374F02F20B873F300E28BE8 /* MainViewController+CatalogDelegate.swift in Sources */ = {isa = PBXBuildFile; fileRef = 7374F02E20B873F300E28BE8 /* MainViewController+CatalogDelegate.swift */; };
		7374F03120B8741F00E28BE8 /* MainViewController+KZSARSCNViewDelegate.swift in Sources */ = {isa = PBXBuildFile; fileRef = 7374F03020B8741F00E28BE8 /* MainViewController+KZSARSCNViewDelegate.swift */; };
		7374F03320B8744B00E28BE8 /* MainViewController+Status.swift in Sources */ = {isa = PBXBuildFile; fileRef = 7374F03220B8744B00E28BE8 /* MainViewController+Status.swift */; };
		7374F03520B8748400E28BE8 /* KZSARStatusMessage.swift in Sources */ = {isa = PBXBuildFile; fileRef = 7374F03420B8748400E28BE8 /* KZSARStatusMessage.swift */; };
		7374F03B20B8A84900E28BE8 /* ProductTableViewCell.xib in Resources */ = {isa = PBXBuildFile; fileRef = 7374F03A20B8A84900E28BE8 /* ProductTableViewCell.xib */; };
		7374F03D20B8A98F00E28BE8 /* UIImageExtension.swift in Sources */ = {isa = PBXBuildFile; fileRef = 7374F03C20B8A98F00E28BE8 /* UIImageExtension.swift */; };
		CF6DA5E64397F021DBB05F2E /* Pods_hackaton_leboncoin.framework in Frameworks */ = {isa = PBXBuildFile; fileRef = AACCCE14634CE5B38B2D5022 /* Pods_hackaton_leboncoin.framework */; };
/* End PBXBuildFile section */

/* Begin PBXFileReference section */
		3F6612D34E0E11DE1B56CDD8 /* Pods-hackaton-leboncoin.release.xcconfig */ = {isa = PBXFileReference; includeInIndex = 1; lastKnownFileType = text.xcconfig; name = "Pods-hackaton-leboncoin.release.xcconfig"; path = "Pods/Target Support Files/Pods-hackaton-leboncoin/Pods-hackaton-leboncoin.release.xcconfig"; sourceTree = "<group>"; };
		7155D4D020B89C8E008DEFEF /* LeboncoinModel.swift */ = {isa = PBXFileReference; lastKnownFileType = sourcecode.swift; path = LeboncoinModel.swift; sourceTree = "<group>"; };
		7186C06C20B8333B00DC60E3 /* hackaton-leboncoin.app */ = {isa = PBXFileReference; explicitFileType = wrapper.application; includeInIndex = 0; path = "hackaton-leboncoin.app"; sourceTree = BUILT_PRODUCTS_DIR; };
		7186C06F20B8333B00DC60E3 /* AppDelegate.swift */ = {isa = PBXFileReference; lastKnownFileType = sourcecode.swift; path = AppDelegate.swift; sourceTree = "<group>"; };
		7186C07120B8333B00DC60E3 /* art.scnassets */ = {isa = PBXFileReference; lastKnownFileType = wrapper.scnassets; path = art.scnassets; sourceTree = "<group>"; };
		7186C07620B8333B00DC60E3 /* Base */ = {isa = PBXFileReference; lastKnownFileType = file.storyboard; name = Base; path = Base.lproj/Main.storyboard; sourceTree = "<group>"; };
		7186C07820B8333C00DC60E3 /* Assets.xcassets */ = {isa = PBXFileReference; lastKnownFileType = folder.assetcatalog; path = Assets.xcassets; sourceTree = "<group>"; };
		7186C07B20B8333C00DC60E3 /* Base */ = {isa = PBXFileReference; lastKnownFileType = file.storyboard; name = Base; path = Base.lproj/LaunchScreen.storyboard; sourceTree = "<group>"; };
		7186C07D20B8333C00DC60E3 /* Info.plist */ = {isa = PBXFileReference; lastKnownFileType = text.plist.xml; path = Info.plist; sourceTree = "<group>"; };
		7199580A20B868490036C53F /* LBCService.swift */ = {isa = PBXFileReference; lastKnownFileType = sourcecode.swift; path = LBCService.swift; sourceTree = "<group>"; };
		7199580C20B8845F0036C53F /* ProductTableViewCell.swift */ = {isa = PBXFileReference; lastKnownFileType = sourcecode.swift; path = ProductTableViewCell.swift; sourceTree = "<group>"; };
		7199581C20B892C80036C53F /* LeboncoinData.swift */ = {isa = PBXFileReference; lastKnownFileType = sourcecode.swift; path = LeboncoinData.swift; sourceTree = "<group>"; };
		7374EFEC20B83A3300E28BE8 /* Podfile */ = {isa = PBXFileReference; explicitFileType = text.script.ruby; fileEncoding = 4; path = Podfile; sourceTree = "<group>"; };
		7374EFF220B8458C00E28BE8 /* ProductsViewController.swift */ = {isa = PBXFileReference; lastKnownFileType = sourcecode.swift; path = ProductsViewController.swift; sourceTree = "<group>"; };
		7374EFF520B8621600E28BE8 /* ModalViewController.swift */ = {isa = PBXFileReference; lastKnownFileType = sourcecode.swift; path = ModalViewController.swift; sourceTree = "<group>"; };
		7374EFF720B8622C00E28BE8 /* ModalPresentationController.swift */ = {isa = PBXFileReference; lastKnownFileType = sourcecode.swift; path = ModalPresentationController.swift; sourceTree = "<group>"; };
		7374EFF920B8623700E28BE8 /* ModalTransitionDelegate.swift */ = {isa = PBXFileReference; lastKnownFileType = sourcecode.swift; path = ModalTransitionDelegate.swift; sourceTree = "<group>"; };
		7374EFFB20B8624300E28BE8 /* ModalInteractiveTransition.swift */ = {isa = PBXFileReference; lastKnownFileType = sourcecode.swift; path = ModalInteractiveTransition.swift; sourceTree = "<group>"; };
		7374EFFD20B8625100E28BE8 /* ModalTransitionAnimator.swift */ = {isa = PBXFileReference; lastKnownFileType = sourcecode.swift; path = ModalTransitionAnimator.swift; sourceTree = "<group>"; };
		7374EFFF20B8634B00E28BE8 /* Stylesheet.swift */ = {isa = PBXFileReference; lastKnownFileType = sourcecode.swift; path = Stylesheet.swift; sourceTree = "<group>"; };
		7374F00320B8639C00E28BE8 /* CGPointExtension.swift */ = {isa = PBXFileReference; lastKnownFileType = sourcecode.swift; path = CGPointExtension.swift; sourceTree = "<group>"; };
		7374F00520B863D300E28BE8 /* UIColorExtension.swift */ = {isa = PBXFileReference; lastKnownFileType = sourcecode.swift; path = UIColorExtension.swift; sourceTree = "<group>"; };
		7374F00720B863EA00E28BE8 /* BoolExtension.swift */ = {isa = PBXFileReference; lastKnownFileType = sourcecode.swift; path = BoolExtension.swift; sourceTree = "<group>"; };
		7374F00920B8641E00E28BE8 /* MainViewController.swift */ = {isa = PBXFileReference; lastKnownFileType = sourcecode.swift; path = MainViewController.swift; sourceTree = "<group>"; };
		7374F00C20B866D400E28BE8 /* Menu.swift */ = {isa = PBXFileReference; lastKnownFileType = sourcecode.swift; path = Menu.swift; sourceTree = "<group>"; };
		7374F00F20B8671200E28BE8 /* StatusViewController.swift */ = {isa = PBXFileReference; lastKnownFileType = sourcecode.swift; path = StatusViewController.swift; sourceTree = "<group>"; };
		7374F01220B867E100E28BE8 /* Navigatable.swift */ = {isa = PBXFileReference; lastKnownFileType = sourcecode.swift; path = Navigatable.swift; sourceTree = "<group>"; };
		7374F01520B8683100E28BE8 /* CatalogViewController.swift */ = {isa = PBXFileReference; lastKnownFileType = sourcecode.swift; path = CatalogViewController.swift; sourceTree = "<group>"; };
		7374F01720B86D4100E28BE8 /* Product.swift */ = {isa = PBXFileReference; lastKnownFileType = sourcecode.swift; path = Product.swift; sourceTree = "<group>"; };
		7374F01920B871C500E28BE8 /* CatalogViewController+UICollectionView.swift */ = {isa = PBXFileReference; lastKnownFileType = sourcecode.swift; path = "CatalogViewController+UICollectionView.swift"; sourceTree = "<group>"; };
		7374F01C20B871E200E28BE8 /* CatalogCollectionViewCell.swift */ = {isa = PBXFileReference; lastKnownFileType = sourcecode.swift; path = CatalogCollectionViewCell.swift; sourceTree = "<group>"; };
		7374F01E20B8720C00E28BE8 /* CatalogCollectionViewCell.xib */ = {isa = PBXFileReference; fileEncoding = 4; lastKnownFileType = file.xib; path = CatalogCollectionViewCell.xib; sourceTree = "<group>"; };
		7374F02120B8728300E28BE8 /* EdgeInsetLabel.swift */ = {isa = PBXFileReference; fileEncoding = 4; lastKnownFileType = sourcecode.swift; path = EdgeInsetLabel.swift; sourceTree = "<group>"; };
		7374F02220B8728300E28BE8 /* LineView.swift */ = {isa = PBXFileReference; fileEncoding = 4; lastKnownFileType = sourcecode.swift; path = LineView.swift; sourceTree = "<group>"; };
		7374F02420B8728300E28BE8 /* Bindable.swift */ = {isa = PBXFileReference; fileEncoding = 4; lastKnownFileType = sourcecode.swift; path = Bindable.swift; sourceTree = "<group>"; };
		7374F02520B8728300E28BE8 /* ReusableView.swift */ = {isa = PBXFileReference; fileEncoding = 4; lastKnownFileType = sourcecode.swift; path = ReusableView.swift; sourceTree = "<group>"; };
		7374F02A20B8735D00E28BE8 /* SearchBarExtension.swift */ = {isa = PBXFileReference; lastKnownFileType = sourcecode.swift; path = SearchBarExtension.swift; sourceTree = "<group>"; };
		7374F02C20B873CD00E28BE8 /* MainViewController+ModalPresentationDelegate.swift */ = {isa = PBXFileReference; lastKnownFileType = sourcecode.swift; path = "MainViewController+ModalPresentationDelegate.swift"; sourceTree = "<group>"; };
		7374F02E20B873F300E28BE8 /* MainViewController+CatalogDelegate.swift */ = {isa = PBXFileReference; lastKnownFileType = sourcecode.swift; path = "MainViewController+CatalogDelegate.swift"; sourceTree = "<group>"; };
		7374F03020B8741F00E28BE8 /* MainViewController+KZSARSCNViewDelegate.swift */ = {isa = PBXFileReference; lastKnownFileType = sourcecode.swift; path = "MainViewController+KZSARSCNViewDelegate.swift"; sourceTree = "<group>"; };
		7374F03220B8744B00E28BE8 /* MainViewController+Status.swift */ = {isa = PBXFileReference; lastKnownFileType = sourcecode.swift; path = "MainViewController+Status.swift"; sourceTree = "<group>"; };
		7374F03420B8748400E28BE8 /* KZSARStatusMessage.swift */ = {isa = PBXFileReference; lastKnownFileType = sourcecode.swift; path = KZSARStatusMessage.swift; sourceTree = "<group>"; };
		7374F03A20B8A84900E28BE8 /* ProductTableViewCell.xib */ = {isa = PBXFileReference; lastKnownFileType = file.xib; path = ProductTableViewCell.xib; sourceTree = "<group>"; };
		7374F03C20B8A98F00E28BE8 /* UIImageExtension.swift */ = {isa = PBXFileReference; lastKnownFileType = sourcecode.swift; path = UIImageExtension.swift; sourceTree = "<group>"; };
		AACCCE14634CE5B38B2D5022 /* Pods_hackaton_leboncoin.framework */ = {isa = PBXFileReference; explicitFileType = wrapper.framework; includeInIndex = 0; path = Pods_hackaton_leboncoin.framework; sourceTree = BUILT_PRODUCTS_DIR; };
		FFEB06851B21EC3411A0C603 /* Pods-hackaton-leboncoin.debug.xcconfig */ = {isa = PBXFileReference; includeInIndex = 1; lastKnownFileType = text.xcconfig; name = "Pods-hackaton-leboncoin.debug.xcconfig"; path = "Pods/Target Support Files/Pods-hackaton-leboncoin/Pods-hackaton-leboncoin.debug.xcconfig"; sourceTree = "<group>"; };
/* End PBXFileReference section */

/* Begin PBXFrameworksBuildPhase section */
		7186C06920B8333B00DC60E3 /* Frameworks */ = {
			isa = PBXFrameworksBuildPhase;
			buildActionMask = 2147483647;
			files = (
				CF6DA5E64397F021DBB05F2E /* Pods_hackaton_leboncoin.framework in Frameworks */,
			);
			runOnlyForDeploymentPostprocessing = 0;
		};
/* End PBXFrameworksBuildPhase section */

/* Begin PBXGroup section */
		082814CD65727FB6E8D3A7E3 /* Pods */ = {
			isa = PBXGroup;
			children = (
				FFEB06851B21EC3411A0C603 /* Pods-hackaton-leboncoin.debug.xcconfig */,
				3F6612D34E0E11DE1B56CDD8 /* Pods-hackaton-leboncoin.release.xcconfig */,
			);
			name = Pods;
			sourceTree = "<group>";
		};
		7186C06320B8333B00DC60E3 = {
			isa = PBXGroup;
			children = (
				7374EFEC20B83A3300E28BE8 /* Podfile */,
				7186C06E20B8333B00DC60E3 /* hackaton-leboncoin */,
				7186C06D20B8333B00DC60E3 /* Products */,
				082814CD65727FB6E8D3A7E3 /* Pods */,
				FE2BE65303EBD715891BA812 /* Frameworks */,
			);
			sourceTree = "<group>";
		};
		7186C06D20B8333B00DC60E3 /* Products */ = {
			isa = PBXGroup;
			children = (
				7186C06C20B8333B00DC60E3 /* hackaton-leboncoin.app */,
			);
			name = Products;
			sourceTree = "<group>";
		};
		7186C06E20B8333B00DC60E3 /* hackaton-leboncoin */ = {
			isa = PBXGroup;
			children = (
				7186C06F20B8333B00DC60E3 /* AppDelegate.swift */,
				7186C07520B8333B00DC60E3 /* Main.storyboard */,
				7374EFEE20B8454700E28BE8 /* Features */,
				7374F00B20B866C100E28BE8 /* Models */,
				7374F00120B8638E00E28BE8 /* Utilities */,
				7374EFEF20B8455200E28BE8 /* Resources */,
				7186C07A20B8333C00DC60E3 /* LaunchScreen.storyboard */,
				7186C07D20B8333C00DC60E3 /* Info.plist */,
			);
			path = "hackaton-leboncoin";
			sourceTree = "<group>";
		};
		7199580920B8682C0036C53F /* Network */ = {
			isa = PBXGroup;
			children = (
				7199580A20B868490036C53F /* LBCService.swift */,
			);
			path = Network;
			sourceTree = "<group>";
		};
		7199580E20B891AB0036C53F /* Data */ = {
			isa = PBXGroup;
			children = (
				7199581B20B892A80036C53F /* Models */,
				7199581C20B892C80036C53F /* LeboncoinData.swift */,
			);
			path = Data;
			sourceTree = "<group>";
		};
		7199581B20B892A80036C53F /* Models */ = {
			isa = PBXGroup;
			children = (
				7155D4D020B89C8E008DEFEF /* LeboncoinModel.swift */,
			);
			path = Models;
			sourceTree = "<group>";
		};
		7374EFEE20B8454700E28BE8 /* Features */ = {
			isa = PBXGroup;
			children = (
				7374EFFF20B8634B00E28BE8 /* Stylesheet.swift */,
				7374F00920B8641E00E28BE8 /* MainViewController.swift */,
				7374F02C20B873CD00E28BE8 /* MainViewController+ModalPresentationDelegate.swift */,
				7374F02E20B873F300E28BE8 /* MainViewController+CatalogDelegate.swift */,
				7374F03020B8741F00E28BE8 /* MainViewController+KZSARSCNViewDelegate.swift */,
				7374F03220B8744B00E28BE8 /* MainViewController+Status.swift */,
				7374F01420B8682300E28BE8 /* Catalog */,
				7374F00E20B8670300E28BE8 /* Info View */,
				7374EFF420B8620400E28BE8 /* Modal */,
				7374EFF020B8456000E28BE8 /* Products */,
			);
			path = Features;
			sourceTree = "<group>";
		};
		7374EFEF20B8455200E28BE8 /* Resources */ = {
			isa = PBXGroup;
			children = (
				7199580E20B891AB0036C53F /* Data */,
				7186C07120B8333B00DC60E3 /* art.scnassets */,
				7186C07820B8333C00DC60E3 /* Assets.xcassets */,
			);
			path = Resources;
			sourceTree = "<group>";
		};
		7374EFF020B8456000E28BE8 /* Products */ = {
			isa = PBXGroup;
			children = (
				7374EFF220B8458C00E28BE8 /* ProductsViewController.swift */,
				7199580C20B8845F0036C53F /* ProductTableViewCell.swift */,
				7374F03A20B8A84900E28BE8 /* ProductTableViewCell.xib */,
			);
			path = Products;
			sourceTree = "<group>";
		};
		7374EFF420B8620400E28BE8 /* Modal */ = {
			isa = PBXGroup;
			children = (
				7374EFF520B8621600E28BE8 /* ModalViewController.swift */,
				7374EFF720B8622C00E28BE8 /* ModalPresentationController.swift */,
				7374EFF920B8623700E28BE8 /* ModalTransitionDelegate.swift */,
				7374EFFB20B8624300E28BE8 /* ModalInteractiveTransition.swift */,
				7374EFFD20B8625100E28BE8 /* ModalTransitionAnimator.swift */,
			);
			path = Modal;
			sourceTree = "<group>";
		};
		7374F00120B8638E00E28BE8 /* Utilities */ = {
			isa = PBXGroup;
			children = (
				7199580920B8682C0036C53F /* Network */,
				7374F02320B8728300E28BE8 /* PrototypeCell */,
				7374F01120B867CF00E28BE8 /* Navigation */,
				7374F02120B8728300E28BE8 /* EdgeInsetLabel.swift */,
				7374F02220B8728300E28BE8 /* LineView.swift */,
				7374F00220B8639300E28BE8 /* Extensions */,
			);
			path = Utilities;
			sourceTree = "<group>";
		};
		7374F00220B8639300E28BE8 /* Extensions */ = {
			isa = PBXGroup;
			children = (
				7374F00320B8639C00E28BE8 /* CGPointExtension.swift */,
				7374F00520B863D300E28BE8 /* UIColorExtension.swift */,
				7374F00720B863EA00E28BE8 /* BoolExtension.swift */,
				7374F02A20B8735D00E28BE8 /* SearchBarExtension.swift */,
				7374F03C20B8A98F00E28BE8 /* UIImageExtension.swift */,
			);
			path = Extensions;
			sourceTree = "<group>";
		};
		7374F00B20B866C100E28BE8 /* Models */ = {
			isa = PBXGroup;
			children = (
				7374F00C20B866D400E28BE8 /* Menu.swift */,
				7374F01720B86D4100E28BE8 /* Product.swift */,
				7374F03420B8748400E28BE8 /* KZSARStatusMessage.swift */,
			);
			path = Models;
			sourceTree = "<group>";
		};
		7374F00E20B8670300E28BE8 /* Info View */ = {
			isa = PBXGroup;
			children = (
				7374F00F20B8671200E28BE8 /* StatusViewController.swift */,
			);
			path = "Info View";
			sourceTree = "<group>";
		};
		7374F01120B867CF00E28BE8 /* Navigation */ = {
			isa = PBXGroup;
			children = (
				7374F01220B867E100E28BE8 /* Navigatable.swift */,
			);
			path = Navigation;
			sourceTree = "<group>";
		};
		7374F01420B8682300E28BE8 /* Catalog */ = {
			isa = PBXGroup;
			children = (
				7374F01520B8683100E28BE8 /* CatalogViewController.swift */,
				7374F01920B871C500E28BE8 /* CatalogViewController+UICollectionView.swift */,
				7374F01B20B871D400E28BE8 /* PrototypeCell */,
			);
			path = Catalog;
			sourceTree = "<group>";
		};
		7374F01B20B871D400E28BE8 /* PrototypeCell */ = {
			isa = PBXGroup;
			children = (
				7374F01E20B8720C00E28BE8 /* CatalogCollectionViewCell.xib */,
				7374F01C20B871E200E28BE8 /* CatalogCollectionViewCell.swift */,
			);
			path = PrototypeCell;
			sourceTree = "<group>";
		};
		7374F02320B8728300E28BE8 /* PrototypeCell */ = {
			isa = PBXGroup;
			children = (
				7374F02420B8728300E28BE8 /* Bindable.swift */,
				7374F02520B8728300E28BE8 /* ReusableView.swift */,
			);
			path = PrototypeCell;
			sourceTree = "<group>";
		};
		FE2BE65303EBD715891BA812 /* Frameworks */ = {
			isa = PBXGroup;
			children = (
				AACCCE14634CE5B38B2D5022 /* Pods_hackaton_leboncoin.framework */,
			);
			name = Frameworks;
			sourceTree = "<group>";
		};
/* End PBXGroup section */

/* Begin PBXNativeTarget section */
		7186C06B20B8333B00DC60E3 /* hackaton-leboncoin */ = {
			isa = PBXNativeTarget;
			buildConfigurationList = 7186C08020B8333C00DC60E3 /* Build configuration list for PBXNativeTarget "hackaton-leboncoin" */;
			buildPhases = (
				162F33EC299B6D9F4FE05819 /* [CP] Check Pods Manifest.lock */,
				7186C06820B8333B00DC60E3 /* Sources */,
				7186C06920B8333B00DC60E3 /* Frameworks */,
				7186C06A20B8333B00DC60E3 /* Resources */,
				014D055CCB9A3145BF5E8315 /* [CP] Embed Pods Frameworks */,
			);
			buildRules = (
			);
			dependencies = (
			);
			name = "hackaton-leboncoin";
			productName = "hackaton-leboncoin";
			productReference = 7186C06C20B8333B00DC60E3 /* hackaton-leboncoin.app */;
			productType = "com.apple.product-type.application";
		};
/* End PBXNativeTarget section */

/* Begin PBXProject section */
		7186C06420B8333B00DC60E3 /* Project object */ = {
			isa = PBXProject;
			attributes = {
				LastSwiftUpdateCheck = 0930;
				LastUpgradeCheck = 0930;
				ORGANIZATIONNAME = "Antoine BOISADAM";
				TargetAttributes = {
					7186C06B20B8333B00DC60E3 = {
						CreatedOnToolsVersion = 9.3.1;
					};
				};
			};
			buildConfigurationList = 7186C06720B8333B00DC60E3 /* Build configuration list for PBXProject "hackaton-leboncoin" */;
			compatibilityVersion = "Xcode 9.3";
			developmentRegion = en;
			hasScannedForEncodings = 0;
			knownRegions = (
				en,
				Base,
			);
			mainGroup = 7186C06320B8333B00DC60E3;
			productRefGroup = 7186C06D20B8333B00DC60E3 /* Products */;
			projectDirPath = "";
			projectRoot = "";
			targets = (
				7186C06B20B8333B00DC60E3 /* hackaton-leboncoin */,
			);
		};
/* End PBXProject section */

/* Begin PBXResourcesBuildPhase section */
		7186C06A20B8333B00DC60E3 /* Resources */ = {
			isa = PBXResourcesBuildPhase;
			buildActionMask = 2147483647;
			files = (
				7374EFED20B83A3300E28BE8 /* Podfile in Resources */,
				7186C07220B8333B00DC60E3 /* art.scnassets in Resources */,
				7374F01F20B8720C00E28BE8 /* CatalogCollectionViewCell.xib in Resources */,
				7374F03B20B8A84900E28BE8 /* ProductTableViewCell.xib in Resources */,
				7186C07C20B8333C00DC60E3 /* LaunchScreen.storyboard in Resources */,
				7186C07920B8333C00DC60E3 /* Assets.xcassets in Resources */,
				7186C07720B8333B00DC60E3 /* Main.storyboard in Resources */,
			);
			runOnlyForDeploymentPostprocessing = 0;
		};
/* End PBXResourcesBuildPhase section */

/* Begin PBXShellScriptBuildPhase section */
		014D055CCB9A3145BF5E8315 /* [CP] Embed Pods Frameworks */ = {
			isa = PBXShellScriptBuildPhase;
			buildActionMask = 2147483647;
			files = (
			);
			inputPaths = (
				"${SRCROOT}/Pods/Target Support Files/Pods-hackaton-leboncoin/Pods-hackaton-leboncoin-frameworks.sh",
				"${BUILT_PRODUCTS_DIR}/Alamofire/Alamofire.framework",
				"${BUILT_PRODUCTS_DIR}/FanMenu/FanMenu.framework",
				"${BUILT_PRODUCTS_DIR}/KZSLAB-AR-Indicator/KZSLAB_AR_Indicator.framework",
				"${BUILT_PRODUCTS_DIR}/KZSLAB-AR-View/KZSLAB_AR_View.framework",
				"${BUILT_PRODUCTS_DIR}/Macaw/Macaw.framework",
				"${BUILT_PRODUCTS_DIR}/Moya/Moya.framework",
				"${BUILT_PRODUCTS_DIR}/Result/Result.framework",
				"${BUILT_PRODUCTS_DIR}/SWXMLHash/SWXMLHash.framework",
				"${BUILT_PRODUCTS_DIR}/SnapKit/SnapKit.framework",
			);
			name = "[CP] Embed Pods Frameworks";
			outputPaths = (
				"${TARGET_BUILD_DIR}/${FRAMEWORKS_FOLDER_PATH}/Alamofire.framework",
				"${TARGET_BUILD_DIR}/${FRAMEWORKS_FOLDER_PATH}/FanMenu.framework",
				"${TARGET_BUILD_DIR}/${FRAMEWORKS_FOLDER_PATH}/KZSLAB_AR_Indicator.framework",
				"${TARGET_BUILD_DIR}/${FRAMEWORKS_FOLDER_PATH}/KZSLAB_AR_View.framework",
				"${TARGET_BUILD_DIR}/${FRAMEWORKS_FOLDER_PATH}/Macaw.framework",
				"${TARGET_BUILD_DIR}/${FRAMEWORKS_FOLDER_PATH}/Moya.framework",
				"${TARGET_BUILD_DIR}/${FRAMEWORKS_FOLDER_PATH}/Result.framework",
				"${TARGET_BUILD_DIR}/${FRAMEWORKS_FOLDER_PATH}/SWXMLHash.framework",
				"${TARGET_BUILD_DIR}/${FRAMEWORKS_FOLDER_PATH}/SnapKit.framework",
			);
			runOnlyForDeploymentPostprocessing = 0;
			shellPath = /bin/sh;
			shellScript = "\"${SRCROOT}/Pods/Target Support Files/Pods-hackaton-leboncoin/Pods-hackaton-leboncoin-frameworks.sh\"\n";
			showEnvVarsInLog = 0;
		};
		162F33EC299B6D9F4FE05819 /* [CP] Check Pods Manifest.lock */ = {
			isa = PBXShellScriptBuildPhase;
			buildActionMask = 2147483647;
			files = (
			);
			inputPaths = (
				"${PODS_PODFILE_DIR_PATH}/Podfile.lock",
				"${PODS_ROOT}/Manifest.lock",
			);
			name = "[CP] Check Pods Manifest.lock";
			outputPaths = (
				"$(DERIVED_FILE_DIR)/Pods-hackaton-leboncoin-checkManifestLockResult.txt",
			);
			runOnlyForDeploymentPostprocessing = 0;
			shellPath = /bin/sh;
			shellScript = "diff \"${PODS_PODFILE_DIR_PATH}/Podfile.lock\" \"${PODS_ROOT}/Manifest.lock\" > /dev/null\nif [ $? != 0 ] ; then\n    # print error to STDERR\n    echo \"error: The sandbox is not in sync with the Podfile.lock. Run 'pod install' or update your CocoaPods installation.\" >&2\n    exit 1\nfi\n# This output is used by Xcode 'outputs' to avoid re-running this script phase.\necho \"SUCCESS\" > \"${SCRIPT_OUTPUT_FILE_0}\"\n";
			showEnvVarsInLog = 0;
		};
/* End PBXShellScriptBuildPhase section */

/* Begin PBXSourcesBuildPhase section */
		7186C06820B8333B00DC60E3 /* Sources */ = {
			isa = PBXSourcesBuildPhase;
			buildActionMask = 2147483647;
			files = (
				7374EFF620B8621600E28BE8 /* ModalViewController.swift in Sources */,
				7374F02B20B8735D00E28BE8 /* SearchBarExtension.swift in Sources */,
				7374F00A20B8641E00E28BE8 /* MainViewController.swift in Sources */,
				7374F00D20B866D400E28BE8 /* Menu.swift in Sources */,
				7199581D20B892C80036C53F /* LeboncoinData.swift in Sources */,
				7374F02920B8728300E28BE8 /* ReusableView.swift in Sources */,
				7374F02620B8728300E28BE8 /* EdgeInsetLabel.swift in Sources */,
				7374EFF820B8622C00E28BE8 /* ModalPresentationController.swift in Sources */,
				7374F02820B8728300E28BE8 /* Bindable.swift in Sources */,
				7374F01020B8671200E28BE8 /* StatusViewController.swift in Sources */,
				7374F00420B8639C00E28BE8 /* CGPointExtension.swift in Sources */,
				7374F00820B863EA00E28BE8 /* BoolExtension.swift in Sources */,
				7374EFF320B8458C00E28BE8 /* ProductsViewController.swift in Sources */,
				7374EFFE20B8625100E28BE8 /* ModalTransitionAnimator.swift in Sources */,
				7374F01320B867E100E28BE8 /* Navigatable.swift in Sources */,
				7155D4D120B89C8E008DEFEF /* LeboncoinModel.swift in Sources */,
				7374F01820B86D4100E28BE8 /* Product.swift in Sources */,
				7374F03120B8741F00E28BE8 /* MainViewController+KZSARSCNViewDelegate.swift in Sources */,
				7374F03320B8744B00E28BE8 /* MainViewController+Status.swift in Sources */,
				7374F03D20B8A98F00E28BE8 /* UIImageExtension.swift in Sources */,
				7374F01D20B871E200E28BE8 /* CatalogCollectionViewCell.swift in Sources */,
				7199580B20B868490036C53F /* LBCService.swift in Sources */,
				7199580D20B8845F0036C53F /* ProductTableViewCell.swift in Sources */,
				7186C07020B8333B00DC60E3 /* AppDelegate.swift in Sources */,
				7374EFFC20B8624300E28BE8 /* ModalInteractiveTransition.swift in Sources */,
				7374F02720B8728300E28BE8 /* LineView.swift in Sources */,
				7374F00620B863D300E28BE8 /* UIColorExtension.swift in Sources */,
				7374F02F20B873F300E28BE8 /* MainViewController+CatalogDelegate.swift in Sources */,
				7374EFFA20B8623700E28BE8 /* ModalTransitionDelegate.swift in Sources */,
				7374F03520B8748400E28BE8 /* KZSARStatusMessage.swift in Sources */,
				7374F00020B8634B00E28BE8 /* Stylesheet.swift in Sources */,
				7374F01620B8683100E28BE8 /* CatalogViewController.swift in Sources */,
				7374F02D20B873CD00E28BE8 /* MainViewController+ModalPresentationDelegate.swift in Sources */,
				7374F01A20B871C500E28BE8 /* CatalogViewController+UICollectionView.swift in Sources */,
			);
			runOnlyForDeploymentPostprocessing = 0;
		};
/* End PBXSourcesBuildPhase section */

/* Begin PBXVariantGroup section */
		7186C07520B8333B00DC60E3 /* Main.storyboard */ = {
			isa = PBXVariantGroup;
			children = (
				7186C07620B8333B00DC60E3 /* Base */,
			);
			name = Main.storyboard;
			sourceTree = "<group>";
		};
		7186C07A20B8333C00DC60E3 /* LaunchScreen.storyboard */ = {
			isa = PBXVariantGroup;
			children = (
				7186C07B20B8333C00DC60E3 /* Base */,
			);
			name = LaunchScreen.storyboard;
			sourceTree = "<group>";
		};
/* End PBXVariantGroup section */

/* Begin XCBuildConfiguration section */
		7186C07E20B8333C00DC60E3 /* Debug */ = {
			isa = XCBuildConfiguration;
			buildSettings = {
				ALWAYS_SEARCH_USER_PATHS = NO;
				CLANG_ANALYZER_NONNULL = YES;
				CLANG_ANALYZER_NUMBER_OBJECT_CONVERSION = YES_AGGRESSIVE;
				CLANG_CXX_LANGUAGE_STANDARD = "gnu++14";
				CLANG_CXX_LIBRARY = "libc++";
				CLANG_ENABLE_MODULES = YES;
				CLANG_ENABLE_OBJC_ARC = YES;
				CLANG_ENABLE_OBJC_WEAK = YES;
				CLANG_WARN_BLOCK_CAPTURE_AUTORELEASING = YES;
				CLANG_WARN_BOOL_CONVERSION = YES;
				CLANG_WARN_COMMA = YES;
				CLANG_WARN_CONSTANT_CONVERSION = YES;
				CLANG_WARN_DEPRECATED_OBJC_IMPLEMENTATIONS = YES;
				CLANG_WARN_DIRECT_OBJC_ISA_USAGE = YES_ERROR;
				CLANG_WARN_DOCUMENTATION_COMMENTS = YES;
				CLANG_WARN_EMPTY_BODY = YES;
				CLANG_WARN_ENUM_CONVERSION = YES;
				CLANG_WARN_INFINITE_RECURSION = YES;
				CLANG_WARN_INT_CONVERSION = YES;
				CLANG_WARN_NON_LITERAL_NULL_CONVERSION = YES;
				CLANG_WARN_OBJC_IMPLICIT_RETAIN_SELF = YES;
				CLANG_WARN_OBJC_LITERAL_CONVERSION = YES;
				CLANG_WARN_OBJC_ROOT_CLASS = YES_ERROR;
				CLANG_WARN_RANGE_LOOP_ANALYSIS = YES;
				CLANG_WARN_STRICT_PROTOTYPES = YES;
				CLANG_WARN_SUSPICIOUS_MOVE = YES;
				CLANG_WARN_UNGUARDED_AVAILABILITY = YES_AGGRESSIVE;
				CLANG_WARN_UNREACHABLE_CODE = YES;
				CLANG_WARN__DUPLICATE_METHOD_MATCH = YES;
				CODE_SIGN_IDENTITY = "iPhone Developer";
				COPY_PHASE_STRIP = NO;
				DEBUG_INFORMATION_FORMAT = dwarf;
				ENABLE_STRICT_OBJC_MSGSEND = YES;
				ENABLE_TESTABILITY = YES;
				GCC_C_LANGUAGE_STANDARD = gnu11;
				GCC_DYNAMIC_NO_PIC = NO;
				GCC_NO_COMMON_BLOCKS = YES;
				GCC_OPTIMIZATION_LEVEL = 0;
				GCC_PREPROCESSOR_DEFINITIONS = (
					"DEBUG=1",
					"$(inherited)",
				);
				GCC_WARN_64_TO_32_BIT_CONVERSION = YES;
				GCC_WARN_ABOUT_RETURN_TYPE = YES_ERROR;
				GCC_WARN_UNDECLARED_SELECTOR = YES;
				GCC_WARN_UNINITIALIZED_AUTOS = YES_AGGRESSIVE;
				GCC_WARN_UNUSED_FUNCTION = YES;
				GCC_WARN_UNUSED_VARIABLE = YES;
				IPHONEOS_DEPLOYMENT_TARGET = 11.3;
				MTL_ENABLE_DEBUG_INFO = YES;
				ONLY_ACTIVE_ARCH = YES;
				SDKROOT = iphoneos;
				SWIFT_ACTIVE_COMPILATION_CONDITIONS = DEBUG;
				SWIFT_OPTIMIZATION_LEVEL = "-Onone";
			};
			name = Debug;
		};
		7186C07F20B8333C00DC60E3 /* Release */ = {
			isa = XCBuildConfiguration;
			buildSettings = {
				ALWAYS_SEARCH_USER_PATHS = NO;
				CLANG_ANALYZER_NONNULL = YES;
				CLANG_ANALYZER_NUMBER_OBJECT_CONVERSION = YES_AGGRESSIVE;
				CLANG_CXX_LANGUAGE_STANDARD = "gnu++14";
				CLANG_CXX_LIBRARY = "libc++";
				CLANG_ENABLE_MODULES = YES;
				CLANG_ENABLE_OBJC_ARC = YES;
				CLANG_ENABLE_OBJC_WEAK = YES;
				CLANG_WARN_BLOCK_CAPTURE_AUTORELEASING = YES;
				CLANG_WARN_BOOL_CONVERSION = YES;
				CLANG_WARN_COMMA = YES;
				CLANG_WARN_CONSTANT_CONVERSION = YES;
				CLANG_WARN_DEPRECATED_OBJC_IMPLEMENTATIONS = YES;
				CLANG_WARN_DIRECT_OBJC_ISA_USAGE = YES_ERROR;
				CLANG_WARN_DOCUMENTATION_COMMENTS = YES;
				CLANG_WARN_EMPTY_BODY = YES;
				CLANG_WARN_ENUM_CONVERSION = YES;
				CLANG_WARN_INFINITE_RECURSION = YES;
				CLANG_WARN_INT_CONVERSION = YES;
				CLANG_WARN_NON_LITERAL_NULL_CONVERSION = YES;
				CLANG_WARN_OBJC_IMPLICIT_RETAIN_SELF = YES;
				CLANG_WARN_OBJC_LITERAL_CONVERSION = YES;
				CLANG_WARN_OBJC_ROOT_CLASS = YES_ERROR;
				CLANG_WARN_RANGE_LOOP_ANALYSIS = YES;
				CLANG_WARN_STRICT_PROTOTYPES = YES;
				CLANG_WARN_SUSPICIOUS_MOVE = YES;
				CLANG_WARN_UNGUARDED_AVAILABILITY = YES_AGGRESSIVE;
				CLANG_WARN_UNREACHABLE_CODE = YES;
				CLANG_WARN__DUPLICATE_METHOD_MATCH = YES;
				CODE_SIGN_IDENTITY = "iPhone Developer";
				COPY_PHASE_STRIP = NO;
				DEBUG_INFORMATION_FORMAT = "dwarf-with-dsym";
				ENABLE_NS_ASSERTIONS = NO;
				ENABLE_STRICT_OBJC_MSGSEND = YES;
				GCC_C_LANGUAGE_STANDARD = gnu11;
				GCC_NO_COMMON_BLOCKS = YES;
				GCC_WARN_64_TO_32_BIT_CONVERSION = YES;
				GCC_WARN_ABOUT_RETURN_TYPE = YES_ERROR;
				GCC_WARN_UNDECLARED_SELECTOR = YES;
				GCC_WARN_UNINITIALIZED_AUTOS = YES_AGGRESSIVE;
				GCC_WARN_UNUSED_FUNCTION = YES;
				GCC_WARN_UNUSED_VARIABLE = YES;
				IPHONEOS_DEPLOYMENT_TARGET = 11.3;
				MTL_ENABLE_DEBUG_INFO = NO;
				SDKROOT = iphoneos;
				SWIFT_COMPILATION_MODE = wholemodule;
				SWIFT_OPTIMIZATION_LEVEL = "-O";
				VALIDATE_PRODUCT = YES;
			};
			name = Release;
		};
		7186C08120B8333C00DC60E3 /* Debug */ = {
			isa = XCBuildConfiguration;
			baseConfigurationReference = FFEB06851B21EC3411A0C603 /* Pods-hackaton-leboncoin.debug.xcconfig */;
			buildSettings = {
				ASSETCATALOG_COMPILER_APPICON_NAME = AppIcon;
				CODE_SIGN_STYLE = Automatic;
				DEVELOPMENT_TEAM = 6N9PBAVWKR;
				INFOPLIST_FILE = "hackaton-leboncoin/Info.plist";
				IPHONEOS_DEPLOYMENT_TARGET = 11.3;
				LD_RUNPATH_SEARCH_PATHS = (
					"$(inherited)",
					"@executable_path/Frameworks",
				);
				PRODUCT_BUNDLE_IDENTIFIER = "net.kaizen-solutions.hackaton-leboncoin";
				PRODUCT_NAME = "$(TARGET_NAME)";
				SWIFT_VERSION = 4.0;
				TARGETED_DEVICE_FAMILY = "1,2";
			};
			name = Debug;
		};
		7186C08220B8333C00DC60E3 /* Release */ = {
			isa = XCBuildConfiguration;
			baseConfigurationReference = 3F6612D34E0E11DE1B56CDD8 /* Pods-hackaton-leboncoin.release.xcconfig */;
			buildSettings = {
				ASSETCATALOG_COMPILER_APPICON_NAME = AppIcon;
				CODE_SIGN_STYLE = Automatic;
				DEVELOPMENT_TEAM = 6N9PBAVWKR;
				INFOPLIST_FILE = "hackaton-leboncoin/Info.plist";
				IPHONEOS_DEPLOYMENT_TARGET = 11.3;
				LD_RUNPATH_SEARCH_PATHS = (
					"$(inherited)",
					"@executable_path/Frameworks",
				);
				PRODUCT_BUNDLE_IDENTIFIER = "net.kaizen-solutions.hackaton-leboncoin";
				PRODUCT_NAME = "$(TARGET_NAME)";
				SWIFT_VERSION = 4.0;
				TARGETED_DEVICE_FAMILY = "1,2";
			};
			name = Release;
		};
/* End XCBuildConfiguration section */

/* Begin XCConfigurationList section */
		7186C06720B8333B00DC60E3 /* Build configuration list for PBXProject "hackaton-leboncoin" */ = {
			isa = XCConfigurationList;
			buildConfigurations = (
				7186C07E20B8333C00DC60E3 /* Debug */,
				7186C07F20B8333C00DC60E3 /* Release */,
			);
			defaultConfigurationIsVisible = 0;
			defaultConfigurationName = Release;
		};
		7186C08020B8333C00DC60E3 /* Build configuration list for PBXNativeTarget "hackaton-leboncoin" */ = {
			isa = XCConfigurationList;
			buildConfigurations = (
				7186C08120B8333C00DC60E3 /* Debug */,
				7186C08220B8333C00DC60E3 /* Release */,
			);
			defaultConfigurationIsVisible = 0;
			defaultConfigurationName = Release;
		};
/* End XCConfigurationList section */
	};
	rootObject = 7186C06420B8333B00DC60E3 /* Project object */;
}
